
Microsoft Visual Studio Solution File, Format Version 11.00
# Visual Studio 2010
Project("{FAE04EC0-301F-11D3-BF4B-00C04F79EFBC}") = "Demo3", "Demo3\Demo3.csproj", "{557D18C2-86AC-4C10-8D7B-7553C30D201D}"
EndProject
Project("{FAE04EC0-301F-11D3-BF4B-00C04F79EFBC}") = "Test2", "Test2\Test2.csproj", "{97B87397-3347-4CF4-8E48-28805AB1A4EE}"
EndProject
Project("{FAE04EC0-301F-11D3-BF4B-00C04F79EFBC}") = "Test3", "Test3\Test3.csproj", "{F9E24036-BF24-4AC0-A252-2B3ADE75915D}"
EndProject
Project("{FAE04EC0-301F-11D3-BF4B-00C04F79EFBC}") = "自定义事件", "自定义事件\自定义事件.csproj", "{48807333-AC27-4AF3-BADC-3D8379B4A2C1}"
EndProject
Project("{FAE04EC0-301F-11D3-BF4B-00C04F79EFBC}") = "异步线程-回调", "异步线程-回调\异步线程-回调.csproj", "{0BD2E8AD-FF2A-4904-8CC3-9635B9CC018F}"
EndProject
Project("{FAE04EC0-301F-11D3-BF4B-00C04F79EFBC}") = "1-Task", "1-Task\1-Task.csproj", "{0170517A-BD0E-4529-925A-B7B81D4CAC2D}"
EndProject
Project("{2150E333-8FDC-42A3-9474-1A3956D46DE8}") = "Socket", "Socket", "{A3AA2503-4721-4945-A9D1-37F2497E1C61}"
EndProject
Project("{FAE04EC0-301F-11D3-BF4B-00C04F79EFBC}") = "Server", "Socket\Server\Server.csproj", "{B41AD7B0-EDBC-4C8A-BDAE-776443E53711}"
EndProject
Project("{FAE04EC0-301F-11D3-BF4B-00C04F79EFBC}") = "Client", "Socket\Client\Client.csproj", "{31DD1785-4D04-4316-BCEC-0E249E7AE6CE}"
EndProject
Project("{2150E333-8FDC-42A3-9474-1A3956D46DE8}") = "OPC", "OPC", "{E34F2C0D-16A0-4CF4-AA84-A3FEC7A38867}"
EndProject
Project("{FAE04EC0-301F-11D3-BF4B-00C04F79EFBC}") = "OPC1", "OPC1\OPC1.csproj", "{8FA68AFE-8DC4-4EB5-A54D-4D1E360C1D30}"
EndProject
Project("{FAE04EC0-301F-11D3-BF4B-00C04F79EFBC}") = "BookDemo", "BookDemo\BookDemo.csproj", "{5BDD5BD8-FFB2-461F-A469-898F9B7E3362}"
EndProject
Project("{FAE04EC0-301F-11D3-BF4B-00C04F79EFBC}") = "MyOPC", "MyOPC\MyOPC.csproj", "{6EC5AB7B-0E2B-4F29-A956-49C06F656C57}"
EndProject
Project("{2150E333-8FDC-42A3-9474-1A3956D46DE8}") = "Threads", "Threads", "{FAD47F3E-D2A4-42E4-B284-FBC0BDCF495C}"
EndProject
Project("{FAE04EC0-301F-11D3-BF4B-00C04F79EFBC}") = "Thread1", "Thread1\Thread1.csproj", "{DAB147FC-217C-46C5-AF5B-2F10FF0FF108}"
EndProject
Global
	GlobalSection(SolutionConfigurationPlatforms) = preSolution
		Debug|x86 = Debug|x86
		Release|x86 = Release|x86
	EndGlobalSection
	GlobalSection(ProjectConfigurationPlatforms) = postSolution
		{557D18C2-86AC-4C10-8D7B-7553C30D201D}.Debug|x86.ActiveCfg = Debug|x86
		{557D18C2-86AC-4C10-8D7B-7553C30D201D}.Debug|x86.Build.0 = Debug|x86
		{557D18C2-86AC-4C10-8D7B-7553C30D201D}.Release|x86.ActiveCfg = Release|x86
		{557D18C2-86AC-4C10-8D7B-7553C30D201D}.Release|x86.Build.0 = Release|x86
		{97B87397-3347-4CF4-8E48-28805AB1A4EE}.Debug|x86.ActiveCfg = Debug|x86
		{97B87397-3347-4CF4-8E48-28805AB1A4EE}.Debug|x86.Build.0 = Debug|x86
		{97B87397-3347-4CF4-8E48-28805AB1A4EE}.Release|x86.ActiveCfg = Release|x86
		{97B87397-3347-4CF4-8E48-28805AB1A4EE}.Release|x86.Build.0 = Release|x86
		{F9E24036-BF24-4AC0-A252-2B3ADE75915D}.Debug|x86.ActiveCfg = Debug|x86
		{F9E24036-BF24-4AC0-A252-2B3ADE75915D}.Debug|x86.Build.0 = Debug|x86
		{F9E24036-BF24-4AC0-A252-2B3ADE75915D}.Release|x86.ActiveCfg = Release|x86
		{F9E24036-BF24-4AC0-A252-2B3ADE75915D}.Release|x86.Build.0 = Release|x86
		{48807333-AC27-4AF3-BADC-3D8379B4A2C1}.Debug|x86.ActiveCfg = Debug|x86
		{48807333-AC27-4AF3-BADC-3D8379B4A2C1}.Debug|x86.Build.0 = Debug|x86
		{48807333-AC27-4AF3-BADC-3D8379B4A2C1}.Release|x86.ActiveCfg = Release|x86
		{48807333-AC27-4AF3-BADC-3D8379B4A2C1}.Release|x86.Build.0 = Release|x86
		{0BD2E8AD-FF2A-4904-8CC3-9635B9CC018F}.Debug|x86.ActiveCfg = Debug|x86
		{0BD2E8AD-FF2A-4904-8CC3-9635B9CC018F}.Debug|x86.Build.0 = Debug|x86
		{0BD2E8AD-FF2A-4904-8CC3-9635B9CC018F}.Release|x86.ActiveCfg = Release|x86
		{0BD2E8AD-FF2A-4904-8CC3-9635B9CC018F}.Release|x86.Build.0 = Release|x86
		{0170517A-BD0E-4529-925A-B7B81D4CAC2D}.Debug|x86.ActiveCfg = Debug|x86
		{0170517A-BD0E-4529-925A-B7B81D4CAC2D}.Debug|x86.Build.0 = Debug|x86
		{0170517A-BD0E-4529-925A-B7B81D4CAC2D}.Release|x86.ActiveCfg = Release|x86
		{0170517A-BD0E-4529-925A-B7B81D4CAC2D}.Release|x86.Build.0 = Release|x86
		{B41AD7B0-EDBC-4C8A-BDAE-776443E53711}.Debug|x86.ActiveCfg = Debug|x86
		{B41AD7B0-EDBC-4C8A-BDAE-776443E53711}.Debug|x86.Build.0 = Debug|x86
		{B41AD7B0-EDBC-4C8A-BDAE-776443E53711}.Release|x86.ActiveCfg = Release|x86
		{B41AD7B0-EDBC-4C8A-BDAE-776443E53711}.Release|x86.Build.0 = Release|x86
		{31DD1785-4D04-4316-BCEC-0E249E7AE6CE}.Debug|x86.ActiveCfg = Debug|x86
		{31DD1785-4D04-4316-BCEC-0E249E7AE6CE}.Debug|x86.Build.0 = Debug|x86
		{31DD1785-4D04-4316-BCEC-0E249E7AE6CE}.Release|x86.ActiveCfg = Release|x86
		{31DD1785-4D04-4316-BCEC-0E249E7AE6CE}.Release|x86.Build.0 = Release|x86
		{8FA68AFE-8DC4-4EB5-A54D-4D1E360C1D30}.Debug|x86.ActiveCfg = Debug|x86
		{8FA68AFE-8DC4-4EB5-A54D-4D1E360C1D30}.Debug|x86.Build.0 = Debug|x86
		{8FA68AFE-8DC4-4EB5-A54D-4D1E360C1D30}.Release|x86.ActiveCfg = Release|x86
		{8FA68AFE-8DC4-4EB5-A54D-4D1E360C1D30}.Release|x86.Build.0 = Release|x86
		{5BDD5BD8-FFB2-461F-A469-898F9B7E3362}.Debug|x86.ActiveCfg = Debug|x86
		{5BDD5BD8-FFB2-461F-A469-898F9B7E3362}.Debug|x86.Build.0 = Debug|x86
		{5BDD5BD8-FFB2-461F-A469-898F9B7E3362}.Release|x86.ActiveCfg = Release|x86
		{5BDD5BD8-FFB2-461F-A469-898F9B7E3362}.Release|x86.Build.0 = Release|x86
		{6EC5AB7B-0E2B-4F29-A956-49C06F656C57}.Debug|x86.ActiveCfg = Debug|x86
		{6EC5AB7B-0E2B-4F29-A956-49C06F656C57}.Debug|x86.Build.0 = Debug|x86
		{6EC5AB7B-0E2B-4F29-A956-49C06F656C57}.Release|x86.ActiveCfg = Release|x86
		{6EC5AB7B-0E2B-4F29-A956-49C06F656C57}.Release|x86.Build.0 = Release|x86
		{DAB147FC-217C-46C5-AF5B-2F10FF0FF108}.Debug|x86.ActiveCfg = Debug|x86
		{DAB147FC-217C-46C5-AF5B-2F10FF0FF108}.Debug|x86.Build.0 = Debug|x86
		{DAB147FC-217C-46C5-AF5B-2F10FF0FF108}.Release|x86.ActiveCfg = Release|x86
		{DAB147FC-217C-46C5-AF5B-2F10FF0FF108}.Release|x86.Build.0 = Release|x86
	EndGlobalSection
	GlobalSection(SolutionProperties) = preSolution
		HideSolutionNode = FALSE
	EndGlobalSection
	GlobalSection(NestedProjects) = preSolution
		{B41AD7B0-EDBC-4C8A-BDAE-776443E53711} = {A3AA2503-4721-4945-A9D1-37F2497E1C61}
		{31DD1785-4D04-4316-BCEC-0E249E7AE6CE} = {A3AA2503-4721-4945-A9D1-37F2497E1C61}
		{8FA68AFE-8DC4-4EB5-A54D-4D1E360C1D30} = {E34F2C0D-16A0-4CF4-AA84-A3FEC7A38867}
		{6EC5AB7B-0E2B-4F29-A956-49C06F656C57} = {E34F2C0D-16A0-4CF4-AA84-A3FEC7A38867}
		{DAB147FC-217C-46C5-AF5B-2F10FF0FF108} = {FAD47F3E-D2A4-42E4-B284-FBC0BDCF495C}
	EndGlobalSection
EndGlobal
